
Microsoft Visual Studio Solution File, Format Version 12.00
# Visual Studio Version 17
VisualStudioVersion = 17.13.35919.96
MinimumVisualStudioVersion = 10.0.40219.1
Project("{9A19103F-16F7-4668-BE54-9A1E7A4F7556}") = "GymWebApp.WebAPI", "GymWebApp.WebAPI\GymWebApp.WebAPI.csproj", "{8DEA7667-6267-4A0C-B7FE-F536715DBF9D}"
EndProject
Project("{9A19103F-16F7-4668-BE54-9A1E7A4F7556}") = "GymWebApp.Data", "GymWebApp.Data\GymWebApp.Data.csproj", "{92CA3046-A684-44CA-B55C-A24163D91578}"
EndProject
Project("{9A19103F-16F7-4668-BE54-9A1E7A4F7556}") = "GymWebApp.ApplicationCore", "GymWebApp.ApplicationCore\GymWebApp.ApplicationCore.csproj", "{C1DE2B13-6B3C-4C5E-98E9-087149DC9543}"
EndProject
Project("{2150E333-8FDC-42A3-9474-1A3956D46DE8}") = "Solution Items", "Solution Items", "{9736BFD7-886A-4BB8-93D4-23BD734042B5}"
	ProjectSection(SolutionItems) = preProject
		.editorconfig = .editorconfig
	EndProjectSection
EndProject
Global
	GlobalSection(SolutionConfigurationPlatforms) = preSolution
		Debug|Any CPU = Debug|Any CPU
		Release|Any CPU = Release|Any CPU
	EndGlobalSection
	GlobalSection(ProjectConfigurationPlatforms) = postSolution
		{8DEA7667-6267-4A0C-B7FE-F536715DBF9D}.Debug|Any CPU.ActiveCfg = Debug|Any CPU
		{8DEA7667-6267-4A0C-B7FE-F536715DBF9D}.Debug|Any CPU.Build.0 = Debug|Any CPU
		{8DEA7667-6267-4A0C-B7FE-F536715DBF9D}.Release|Any CPU.ActiveCfg = Release|Any CPU
		{8DEA7667-6267-4A0C-B7FE-F536715DBF9D}.Release|Any CPU.Build.0 = Release|Any CPU
		{92CA3046-A684-44CA-B55C-A24163D91578}.Debug|Any CPU.ActiveCfg = Debug|Any CPU
		{92CA3046-A684-44CA-B55C-A24163D91578}.Debug|Any CPU.Build.0 = Debug|Any CPU
		{92CA3046-A684-44CA-B55C-A24163D91578}.Release|Any CPU.ActiveCfg = Release|Any CPU
		{92CA3046-A684-44CA-B55C-A24163D91578}.Release|Any CPU.Build.0 = Release|Any CPU
		{C1DE2B13-6B3C-4C5E-98E9-087149DC9543}.Debug|Any CPU.ActiveCfg = Debug|Any CPU
		{C1DE2B13-6B3C-4C5E-98E9-087149DC9543}.Debug|Any CPU.Build.0 = Debug|Any CPU
		{C1DE2B13-6B3C-4C5E-98E9-087149DC9543}.Release|Any CPU.ActiveCfg = Release|Any CPU
		{C1DE2B13-6B3C-4C5E-98E9-087149DC9543}.Release|Any CPU.Build.0 = Release|Any CPU
	EndGlobalSection
	GlobalSection(SolutionProperties) = preSolution
		HideSolutionNode = FALSE
	EndGlobalSection
	GlobalSection(ExtensibilityGlobals) = postSolution
		SolutionGuid = {1E372E4A-77F6-4240-883C-6C6BFC901619}
	EndGlobalSection
EndGlobal
